
Microsoft Visual Studio Solution File, Format Version 12.00
# Visual Studio Version 17
VisualStudioVersion = 17.7.34031.279
MinimumVisualStudioVersion = 10.0.40219.1
Project("{FAE04EC0-301F-11D3-BF4B-00C04F79EFBC}") = "Net6IsolatedColdStartOptimizedApp", "Net6IsolatedColdStartOptimizedApp\Net6IsolatedColdStartOptimizedApp.csproj", "{C6028BC8-6330-443C-ADF2-90B6C59812AA}"
EndProject
Global
	GlobalSection(SolutionConfigurationPlatforms) = preSolution
		Debug|Any CPU = Debug|Any CPU
		Release|Any CPU = Release|Any CPU
	EndGlobalSection
	GlobalSection(ProjectConfigurationPlatforms) = postSolution
		{C6028BC8-6330-443C-ADF2-90B6C59812AA}.Debug|Any CPU.ActiveCfg = Debug|Any CPU
		{C6028BC8-6330-443C-ADF2-90B6C59812AA}.Debug|Any CPU.Build.0 = Debug|Any CPU
		{C6028BC8-6330-443C-ADF2-90B6C59812AA}.Release|Any CPU.ActiveCfg = Release|Any CPU
		{C6028BC8-6330-443C-ADF2-90B6C59812AA}.Release|Any CPU.Build.0 = Release|Any CPU
	EndGlobalSection
	GlobalSection(SolutionProperties) = preSolution
		HideSolutionNode = FALSE
	EndGlobalSection
	GlobalSection(ExtensibilityGlobals) = postSolution
		SolutionGuid = {A93CD2B1-354F-46E7-8E1D-8111C67383AF}
	EndGlobalSection
EndGlobal
